
Microsoft Visual Studio Solution File, Format Version 12.00
# Visual Studio 15
VisualStudioVersion = 15.0.26730.16
MinimumVisualStudioVersion = 10.0.40219.1
Project("{FAE04EC0-301F-11D3-BF4B-00C04F79EFBC}") = "ProgrammingChallenge030118", "ProgrammingChallenge030118\ProgrammingChallenge030118.csproj", "{2EA956BC-FE08-4E52-9647-B8A853DF5997}"
EndProject
Global
	GlobalSection(SolutionConfigurationPlatforms) = preSolution
		Debug|Any CPU = Debug|Any CPU
		Release|Any CPU = Release|Any CPU
	EndGlobalSection
	GlobalSection(ProjectConfigurationPlatforms) = postSolution
		{2EA956BC-FE08-4E52-9647-B8A853DF5997}.Debug|Any CPU.ActiveCfg = Debug|Any CPU
		{2EA956BC-FE08-4E52-9647-B8A853DF5997}.Debug|Any CPU.Build.0 = Debug|Any CPU
		{2EA956BC-FE08-4E52-9647-B8A853DF5997}.Release|Any CPU.ActiveCfg = Release|Any CPU
		{2EA956BC-FE08-4E52-9647-B8A853DF5997}.Release|Any CPU.Build.0 = Release|Any CPU
	EndGlobalSection
	GlobalSection(SolutionProperties) = preSolution
		HideSolutionNode = FALSE
	EndGlobalSection
	GlobalSection(ExtensibilityGlobals) = postSolution
		SolutionGuid = {0AE0E3EA-FFF5-47A9-8D6C-B0AB124806C0}
	EndGlobalSection
EndGlobal
